
Microsoft Visual Studio Solution File, Format Version 12.00
# Visual Studio Version 17
VisualStudioVersion = 17.3.32922.545
MinimumVisualStudioVersion = 10.0.40219.1
Project("{FAE04EC0-301F-11D3-BF4B-00C04F79EFBC}") = "ProjetIA2022", "ProjetIA2022.csproj", "{2FD437F1-5B3C-444B-9035-D5BBDE3F1CAF}"
EndProject
Global
	GlobalSection(SolutionConfigurationPlatforms) = preSolution
		Debug|Any CPU = Debug|Any CPU
		Release|Any CPU = Release|Any CPU
	EndGlobalSection
	GlobalSection(ProjectConfigurationPlatforms) = postSolution
		{2FD437F1-5B3C-444B-9035-D5BBDE3F1CAF}.Debug|Any CPU.ActiveCfg = Debug|Any CPU
		{2FD437F1-5B3C-444B-9035-D5BBDE3F1CAF}.Debug|Any CPU.Build.0 = Debug|Any CPU
		{2FD437F1-5B3C-444B-9035-D5BBDE3F1CAF}.Release|Any CPU.ActiveCfg = Release|Any CPU
		{2FD437F1-5B3C-444B-9035-D5BBDE3F1CAF}.Release|Any CPU.Build.0 = Release|Any CPU
	EndGlobalSection
	GlobalSection(SolutionProperties) = preSolution
		HideSolutionNode = FALSE
	EndGlobalSection
	GlobalSection(ExtensibilityGlobals) = postSolution
		SolutionGuid = {461FF98E-62A9-4CE1-BC35-279D93E24217}
	EndGlobalSection
EndGlobal
